
Microsoft Visual Studio Solution File, Format Version 12.00
# Visual Studio Version 17
VisualStudioVersion = 17.3.32901.215
MinimumVisualStudioVersion = 10.0.40219.1
Project("{FAE04EC0-301F-11D3-BF4B-00C04F79EFBC}") = "BuildSharper.Course204.App", "BuildSharper.Course204.App\BuildSharper.Course204.App.csproj", "{CE10495A-0D39-47F8-A992-BC7023AC9532}"
EndProject
Global
	GlobalSection(SolutionConfigurationPlatforms) = preSolution
		Debug|Any CPU = Debug|Any CPU
		Release|Any CPU = Release|Any CPU
	EndGlobalSection
	GlobalSection(ProjectConfigurationPlatforms) = postSolution
		{CE10495A-0D39-47F8-A992-BC7023AC9532}.Debug|Any CPU.ActiveCfg = Debug|Any CPU
		{CE10495A-0D39-47F8-A992-BC7023AC9532}.Debug|Any CPU.Build.0 = Debug|Any CPU
		{CE10495A-0D39-47F8-A992-BC7023AC9532}.Release|Any CPU.ActiveCfg = Release|Any CPU
		{CE10495A-0D39-47F8-A992-BC7023AC9532}.Release|Any CPU.Build.0 = Release|Any CPU
	EndGlobalSection
	GlobalSection(SolutionProperties) = preSolution
		HideSolutionNode = FALSE
	EndGlobalSection
	GlobalSection(ExtensibilityGlobals) = postSolution
		SolutionGuid = {A15652C8-F254-4C50-A971-486A1A04D482}
	EndGlobalSection
EndGlobal
